
Microsoft Visual Studio Solution File, Format Version 12.00
# Visual Studio Version 16
VisualStudioVersion = 16.0.31410.223
MinimumVisualStudioVersion = 10.0.40219.1
Project("{FAE04EC0-301F-11D3-BF4B-00C04F79EFBC}") = "BigSchool", "BigSchool\BigSchool.csproj", "{94FE8216-D3BE-44B4-B1EA-B402076FCF94}"
EndProject
Global
	GlobalSection(SolutionConfigurationPlatforms) = preSolution
		Debug|Any CPU = Debug|Any CPU
		Release|Any CPU = Release|Any CPU
	EndGlobalSection
	GlobalSection(ProjectConfigurationPlatforms) = postSolution
		{94FE8216-D3BE-44B4-B1EA-B402076FCF94}.Debug|Any CPU.ActiveCfg = Debug|Any CPU
		{94FE8216-D3BE-44B4-B1EA-B402076FCF94}.Debug|Any CPU.Build.0 = Debug|Any CPU
		{94FE8216-D3BE-44B4-B1EA-B402076FCF94}.Release|Any CPU.ActiveCfg = Release|Any CPU
		{94FE8216-D3BE-44B4-B1EA-B402076FCF94}.Release|Any CPU.Build.0 = Release|Any CPU
	EndGlobalSection
	GlobalSection(SolutionProperties) = preSolution
		HideSolutionNode = FALSE
	EndGlobalSection
	GlobalSection(ExtensibilityGlobals) = postSolution
		SolutionGuid = {5DD56292-CFF9-4639-B905-8D4DAE9E9E29}
	EndGlobalSection
EndGlobal
